
Microsoft Visual Studio Solution File, Format Version 12.00
# Visual Studio Version 17
VisualStudioVersion = 17.13.35806.99
MinimumVisualStudioVersion = 10.0.40219.1
Project("{FAE04EC0-301F-11D3-BF4B-00C04F79EFBC}") = "DamLoad.Core", "DamLoad.Core\DamLoad.Core.csproj", "{A689A5EA-F7A9-4B68-93AE-3149FDC82B51}"
EndProject
Project("{2150E333-8FDC-42A3-9474-1A3956D46DE8}") = "Foundation", "Foundation", "{02EA681E-C7D8-13C7-8484-4AC65E1B71E8}"
EndProject
Project("{2150E333-8FDC-42A3-9474-1A3956D46DE8}") = "Features", "Features", "{78EA16B7-18A5-4558-890A-7E83B8B99923}"
EndProject
Project("{FAE04EC0-301F-11D3-BF4B-00C04F79EFBC}") = "DamLoad.Assets", "DamLoad.Assets\DamLoad.Assets.csproj", "{3952A5D2-20C3-458E-BAC3-241EA49D16D9}"
EndProject
Project("{FAE04EC0-301F-11D3-BF4B-00C04F79EFBC}") = "DamLoad.Data", "DamLoad.Data\DamLoad.Data.csproj", "{1892D3B9-9023-4EB8-9306-73229EDDFB67}"
EndProject
Project("{2150E333-8FDC-42A3-9474-1A3956D46DE8}") = "Frontend", "Frontend", "{0A65CB8A-97F0-49C8-A94F-BB100FBC29FB}"
EndProject
Project("{FAE04EC0-301F-11D3-BF4B-00C04F79EFBC}") = "DamLoad.Api", "DamLoad.Api\DamLoad.Api.csproj", "{926D5427-3E9A-CC66-9EB6-E2E4B63AEEBC}"
EndProject
Project("{FAE04EC0-301F-11D3-BF4B-00C04F79EFBC}") = "DamLoad.Search", "DamLoad.Search\DamLoad.Search.csproj", "{ED42026D-CEA5-458A-AF8A-F4415378FA98}"
EndProject
Project("{FAE04EC0-301F-11D3-BF4B-00C04F79EFBC}") = "DamLoad.Transformation", "DamLoad.Transformation\DamLoad.Transformation.csproj", "{3B0D7498-BE91-461B-80BB-413443E2E109}"
EndProject
Project("{FAE04EC0-301F-11D3-BF4B-00C04F79EFBC}") = "DamLoad.Workflow", "DamLoad.Workflow\DamLoad.Workflow.csproj", "{7A5E0F93-F2D9-4AC9-A38F-298B58E57C7F}"
EndProject
Project("{FAE04EC0-301F-11D3-BF4B-00C04F79EFBC}") = "DamLoad.Tasks", "DamLoad.Tasks\DamLoad.Tasks.csproj", "{3F694574-0E47-4FC7-BD7A-A3DBBA22A14E}"
EndProject
Project("{FAE04EC0-301F-11D3-BF4B-00C04F79EFBC}") = "DamLoad.Abstractions", "DamLoad.Abstractions\DamLoad.Abstractions.csproj", "{FFAA60D8-FE17-41E6-AD09-33A377555814}"
EndProject
Project("{FAE04EC0-301F-11D3-BF4B-00C04F79EFBC}") = "DamLoad.Events", "DamLoad.Events\DamLoad.Events.csproj", "{4FE67B6B-45BB-46A1-AF6B-4D644A11F0A5}"
EndProject
Global
	GlobalSection(SolutionConfigurationPlatforms) = preSolution
		Debug|Any CPU = Debug|Any CPU
		Release|Any CPU = Release|Any CPU
	EndGlobalSection
	GlobalSection(ProjectConfigurationPlatforms) = postSolution
		{A689A5EA-F7A9-4B68-93AE-3149FDC82B51}.Debug|Any CPU.ActiveCfg = Debug|Any CPU
		{A689A5EA-F7A9-4B68-93AE-3149FDC82B51}.Debug|Any CPU.Build.0 = Debug|Any CPU
		{A689A5EA-F7A9-4B68-93AE-3149FDC82B51}.Release|Any CPU.ActiveCfg = Release|Any CPU
		{A689A5EA-F7A9-4B68-93AE-3149FDC82B51}.Release|Any CPU.Build.0 = Release|Any CPU
		{3952A5D2-20C3-458E-BAC3-241EA49D16D9}.Debug|Any CPU.ActiveCfg = Debug|Any CPU
		{3952A5D2-20C3-458E-BAC3-241EA49D16D9}.Debug|Any CPU.Build.0 = Debug|Any CPU
		{3952A5D2-20C3-458E-BAC3-241EA49D16D9}.Release|Any CPU.ActiveCfg = Release|Any CPU
		{3952A5D2-20C3-458E-BAC3-241EA49D16D9}.Release|Any CPU.Build.0 = Release|Any CPU
		{1892D3B9-9023-4EB8-9306-73229EDDFB67}.Debug|Any CPU.ActiveCfg = Debug|Any CPU
		{1892D3B9-9023-4EB8-9306-73229EDDFB67}.Debug|Any CPU.Build.0 = Debug|Any CPU
		{1892D3B9-9023-4EB8-9306-73229EDDFB67}.Release|Any CPU.ActiveCfg = Release|Any CPU
		{1892D3B9-9023-4EB8-9306-73229EDDFB67}.Release|Any CPU.Build.0 = Release|Any CPU
		{926D5427-3E9A-CC66-9EB6-E2E4B63AEEBC}.Debug|Any CPU.ActiveCfg = Debug|Any CPU
		{926D5427-3E9A-CC66-9EB6-E2E4B63AEEBC}.Debug|Any CPU.Build.0 = Debug|Any CPU
		{926D5427-3E9A-CC66-9EB6-E2E4B63AEEBC}.Release|Any CPU.ActiveCfg = Release|Any CPU
		{926D5427-3E9A-CC66-9EB6-E2E4B63AEEBC}.Release|Any CPU.Build.0 = Release|Any CPU
		{ED42026D-CEA5-458A-AF8A-F4415378FA98}.Debug|Any CPU.ActiveCfg = Debug|Any CPU
		{ED42026D-CEA5-458A-AF8A-F4415378FA98}.Debug|Any CPU.Build.0 = Debug|Any CPU
		{ED42026D-CEA5-458A-AF8A-F4415378FA98}.Release|Any CPU.ActiveCfg = Release|Any CPU
		{ED42026D-CEA5-458A-AF8A-F4415378FA98}.Release|Any CPU.Build.0 = Release|Any CPU
		{3B0D7498-BE91-461B-80BB-413443E2E109}.Debug|Any CPU.ActiveCfg = Debug|Any CPU
		{3B0D7498-BE91-461B-80BB-413443E2E109}.Debug|Any CPU.Build.0 = Debug|Any CPU
		{3B0D7498-BE91-461B-80BB-413443E2E109}.Release|Any CPU.ActiveCfg = Release|Any CPU
		{3B0D7498-BE91-461B-80BB-413443E2E109}.Release|Any CPU.Build.0 = Release|Any CPU
		{7A5E0F93-F2D9-4AC9-A38F-298B58E57C7F}.Debug|Any CPU.ActiveCfg = Debug|Any CPU
		{7A5E0F93-F2D9-4AC9-A38F-298B58E57C7F}.Debug|Any CPU.Build.0 = Debug|Any CPU
		{7A5E0F93-F2D9-4AC9-A38F-298B58E57C7F}.Release|Any CPU.ActiveCfg = Release|Any CPU
		{7A5E0F93-F2D9-4AC9-A38F-298B58E57C7F}.Release|Any CPU.Build.0 = Release|Any CPU
		{3F694574-0E47-4FC7-BD7A-A3DBBA22A14E}.Debug|Any CPU.ActiveCfg = Debug|Any CPU
		{3F694574-0E47-4FC7-BD7A-A3DBBA22A14E}.Debug|Any CPU.Build.0 = Debug|Any CPU
		{3F694574-0E47-4FC7-BD7A-A3DBBA22A14E}.Release|Any CPU.ActiveCfg = Release|Any CPU
		{3F694574-0E47-4FC7-BD7A-A3DBBA22A14E}.Release|Any CPU.Build.0 = Release|Any CPU
		{FFAA60D8-FE17-41E6-AD09-33A377555814}.Debug|Any CPU.ActiveCfg = Debug|Any CPU
		{FFAA60D8-FE17-41E6-AD09-33A377555814}.Debug|Any CPU.Build.0 = Debug|Any CPU
		{FFAA60D8-FE17-41E6-AD09-33A377555814}.Release|Any CPU.ActiveCfg = Release|Any CPU
		{FFAA60D8-FE17-41E6-AD09-33A377555814}.Release|Any CPU.Build.0 = Release|Any CPU
		{4FE67B6B-45BB-46A1-AF6B-4D644A11F0A5}.Debug|Any CPU.ActiveCfg = Debug|Any CPU
		{4FE67B6B-45BB-46A1-AF6B-4D644A11F0A5}.Debug|Any CPU.Build.0 = Debug|Any CPU
		{4FE67B6B-45BB-46A1-AF6B-4D644A11F0A5}.Release|Any CPU.ActiveCfg = Release|Any CPU
		{4FE67B6B-45BB-46A1-AF6B-4D644A11F0A5}.Release|Any CPU.Build.0 = Release|Any CPU
	EndGlobalSection
	GlobalSection(SolutionProperties) = preSolution
		HideSolutionNode = FALSE
	EndGlobalSection
	GlobalSection(NestedProjects) = preSolution
		{A689A5EA-F7A9-4B68-93AE-3149FDC82B51} = {02EA681E-C7D8-13C7-8484-4AC65E1B71E8}
		{3952A5D2-20C3-458E-BAC3-241EA49D16D9} = {78EA16B7-18A5-4558-890A-7E83B8B99923}
		{1892D3B9-9023-4EB8-9306-73229EDDFB67} = {02EA681E-C7D8-13C7-8484-4AC65E1B71E8}
		{926D5427-3E9A-CC66-9EB6-E2E4B63AEEBC} = {0A65CB8A-97F0-49C8-A94F-BB100FBC29FB}
		{ED42026D-CEA5-458A-AF8A-F4415378FA98} = {02EA681E-C7D8-13C7-8484-4AC65E1B71E8}
		{3B0D7498-BE91-461B-80BB-413443E2E109} = {78EA16B7-18A5-4558-890A-7E83B8B99923}
		{7A5E0F93-F2D9-4AC9-A38F-298B58E57C7F} = {02EA681E-C7D8-13C7-8484-4AC65E1B71E8}
		{3F694574-0E47-4FC7-BD7A-A3DBBA22A14E} = {78EA16B7-18A5-4558-890A-7E83B8B99923}
		{FFAA60D8-FE17-41E6-AD09-33A377555814} = {02EA681E-C7D8-13C7-8484-4AC65E1B71E8}
		{4FE67B6B-45BB-46A1-AF6B-4D644A11F0A5} = {02EA681E-C7D8-13C7-8484-4AC65E1B71E8}
	EndGlobalSection
	GlobalSection(ExtensibilityGlobals) = postSolution
		SolutionGuid = {A09D05F4-3704-4BF7-A1A5-C4B0B374DDD6}
	EndGlobalSection
EndGlobal
